
Microsoft Visual Studio Solution File, Format Version 12.00
# Visual Studio Version 16
VisualStudioVersion = 16.0.33927.289
MinimumVisualStudioVersion = 10.0.40219.1
Project("{2150E333-8FDC-42A3-9474-1A3956D46DE8}") = "Task0", "Task0", "{2D3723D9-CCC9-4667-A72A-5A54B42044D2}"
EndProject
Project("{FAE04EC0-301F-11D3-BF4B-00C04F79EFBC}") = "Tyuiu.GalyameevMR.Sprint2.Task0.V9", "Tyuiu.GalyameevMR.Sprint2.Task0.V9\Tyuiu.GalyameevMR.Sprint2.Task0.V9.csproj", "{154365FD-EADC-4D2B-B575-BEB9DDCB5FD7}"
EndProject
Project("{FAE04EC0-301F-11D3-BF4B-00C04F79EFBC}") = "Tyuiu.GalyameevMR.Sprint2.Task0.V9.Lib", "Tyuiu.GalyameevMR.Sprint2.Task0.V9.Lib\Tyuiu.GalyameevMR.Sprint2.Task0.V9.Lib.csproj", "{35827EA0-5B28-4AF3-A92F-083A8A6D0043}"
EndProject
Project("{FAE04EC0-301F-11D3-BF4B-00C04F79EFBC}") = "Tyuiu.GalyameevMR.Sprint2.Task0.V9.Test", "Tyuiu.GalyameevMR.Sprint2.Task0.V9.Test\Tyuiu.GalyameevMR.Sprint2.Task0.V9.Test.csproj", "{E7CF65E3-DCB3-44B8-9D7D-771EB1C45616}"
EndProject
Project("{2150E333-8FDC-42A3-9474-1A3956D46DE8}") = "Task1", "Task1", "{E82F24D3-62A5-47F4-B8A7-A88E45DC365D}"
EndProject
Project("{FAE04EC0-301F-11D3-BF4B-00C04F79EFBC}") = "Tyuiu.GalyameevMR.Sprint2.Task1.V30.Lib", "Tyuiu.GalyameevMR.Sprint2.Task1.V30.Lib\Tyuiu.GalyameevMR.Sprint2.Task1.V30.Lib.csproj", "{B9F54FDB-F40A-4F9C-8609-CDEB6A8F41E0}"
EndProject
Project("{FAE04EC0-301F-11D3-BF4B-00C04F79EFBC}") = "Tyuiu.GalyameevMR.Sprint2.Task1.V30", "Tyuiu.GalyameevMR.Sprint2.Task1.V30\Tyuiu.GalyameevMR.Sprint2.Task1.V30.csproj", "{4A752B17-3901-47F7-8238-C51D3C16CE4A}"
EndProject
Project("{FAE04EC0-301F-11D3-BF4B-00C04F79EFBC}") = "Tyuiu.GalyameevMR.Sprint2.Task1.V30.Test", "Tyuiu.GalyameevMR.Sprint2.Task1.V30.Test\Tyuiu.GalyameevMR.Sprint2.Task1.V30.Test.csproj", "{84CD90DD-49E0-420F-8BF5-7489090B7894}"
EndProject
Project("{2150E333-8FDC-42A3-9474-1A3956D46DE8}") = "Task2", "Task2", "{74EA55D4-1F9E-4EC5-8430-7321D1950645}"
EndProject
Project("{FAE04EC0-301F-11D3-BF4B-00C04F79EFBC}") = "Tyuiu.GalyameevMR.Sprint2.Task2.V26.Test", "Tyuiu.GalyameevMR.Sprint2.Task2.V26.Test\Tyuiu.GalyameevMR.Sprint2.Task2.V26.Test.csproj", "{066390CC-49B5-4D9F-85E2-7B03CBA307C5}"
EndProject
Project("{FAE04EC0-301F-11D3-BF4B-00C04F79EFBC}") = "Tyuiu.GalyameevMR.Sprint2.Task2.V26", "Tyuiu.GalyameevMR.Sprint2.Task2.V26\Tyuiu.GalyameevMR.Sprint2.Task2.V26.csproj", "{61D70ACD-64B6-460B-BE8D-D881C2FFEA01}"
EndProject
Project("{FAE04EC0-301F-11D3-BF4B-00C04F79EFBC}") = "Tyuiu.GalyameevMR.Sprint2.Task2.V26.Lib", "Tyuiu.GalyameevMR.Sprint2.Task2.V26.Lib\Tyuiu.GalyameevMR.Sprint2.Task2.V26.Lib.csproj", "{66457C95-024B-43FD-A93A-E807068FCB84}"
EndProject
Project("{2150E333-8FDC-42A3-9474-1A3956D46DE8}") = "Task3", "Task3", "{3737CDC2-88F2-43FE-9E9A-CDF0AD16D05E}"
EndProject
Project("{FAE04EC0-301F-11D3-BF4B-00C04F79EFBC}") = "Tyuiu.GalyameevMR.Sprint2.Task3.V22.Lib", "Tyuiu.GalyameevMR.Sprint2.Task3.V22.Lib\Tyuiu.GalyameevMR.Sprint2.Task3.V22.Lib.csproj", "{1905269B-87F6-4BF5-ACC9-6B6598AB4ABE}"
EndProject
Project("{FAE04EC0-301F-11D3-BF4B-00C04F79EFBC}") = "Tyuiu.GalyameevMR.Sprint2.Task3.V22", "Tyuiu.GalyameevMR.Sprint2.Task3.V22\Tyuiu.GalyameevMR.Sprint2.Task3.V22.csproj", "{449D5C97-0776-41E9-B64D-3D6AF9047975}"
EndProject
Project("{FAE04EC0-301F-11D3-BF4B-00C04F79EFBC}") = "Tyuiu.GalyameevMR.Sprint2.Task3.V22.Test", "Tyuiu.GalyameevMR.Sprint2.Task3.V22.Test\Tyuiu.GalyameevMR.Sprint2.Task3.V22.Test.csproj", "{B93B2FA1-B9C7-462D-9A93-743B745C58CD}"
EndProject
Project("{FAE04EC0-301F-11D3-BF4B-00C04F79EFBC}") = "Tyuiu.GalyameevMR.Sprint2.Task4.V22.Test", "Tyuiu.GalyameevMR.Sprint2.Task4.V22.Test\Tyuiu.GalyameevMR.Sprint2.Task4.V22.Test.csproj", "{A458676F-3B4D-4CED-976C-EAF4B891FC64}"
EndProject
Project("{2150E333-8FDC-42A3-9474-1A3956D46DE8}") = "Task4", "Task4", "{43392FC1-4617-477E-8216-3BE3AEAA1A2C}"
EndProject
Project("{FAE04EC0-301F-11D3-BF4B-00C04F79EFBC}") = "Tyuiu.GalyameevMR.Sprint2.Task4.V22", "Tyuiu.GalyameevMR.Sprint2.Task4.V22\Tyuiu.GalyameevMR.Sprint2.Task4.V22.csproj", "{7FE79368-92E0-4658-825B-6A99E8AF9D1E}"
EndProject
Project("{FAE04EC0-301F-11D3-BF4B-00C04F79EFBC}") = "Tyuiu.GalyameevMR.Sprint2.Task4.V22.Lib", "Tyuiu.GalyameevMR.Sprint2.Task4.V22.Lib\Tyuiu.GalyameevMR.Sprint2.Task4.V22.Lib.csproj", "{31AC0DB8-EE28-480D-AEA7-4A69E50A086F}"
EndProject
Project("{2150E333-8FDC-42A3-9474-1A3956D46DE8}") = "Task5", "Task5", "{7D3CF071-BF9B-4B08-A11E-1042EEA3C0DC}"
EndProject
Project("{FAE04EC0-301F-11D3-BF4B-00C04F79EFBC}") = "Tyuiu.GalyameevMR.Sprint2.Task5.V10.Lib", "Tyuiu.GalyameevMR.Sprint2.Task5.V10.Lib\Tyuiu.GalyameevMR.Sprint2.Task5.V10.Lib.csproj", "{66CDF84D-3330-4125-A89B-314233B58C3E}"
EndProject
Project("{FAE04EC0-301F-11D3-BF4B-00C04F79EFBC}") = "Tyuiu.GalyameevMR.Sprint2.Task5.V10", "Tyuiu.GalyameevMR.Sprint2.Task5.V10\Tyuiu.GalyameevMR.Sprint2.Task5.V10.csproj", "{287916F7-4EB3-4C8A-AD11-FA0BEF72B5C9}"
EndProject
Project("{FAE04EC0-301F-11D3-BF4B-00C04F79EFBC}") = "Tyuiu.GalyameevMR.Sprint2.Task5.V10.Test", "Tyuiu.GalyameevMR.Sprint2.Task5.V10.Test\Tyuiu.GalyameevMR.Sprint2.Task5.V10.Test.csproj", "{698C82B0-2087-48C9-B0DA-4ED0737065BD}"
EndProject
Project("{2150E333-8FDC-42A3-9474-1A3956D46DE8}") = "Task6", "Task6", "{98CBE0C4-EAA9-4427-BAAE-CC0F7AE4362D}"
EndProject
Project("{FAE04EC0-301F-11D3-BF4B-00C04F79EFBC}") = "Tyuiu.GalyameevMR.Sprint2.Task6.V9.Test", "Tyuiu.GalyameevMR.Sprint2.Task6.V9.Test\Tyuiu.GalyameevMR.Sprint2.Task6.V9.Test.csproj", "{045F5624-8DBB-48EB-B5E0-68FE0E16825D}"
EndProject
Project("{FAE04EC0-301F-11D3-BF4B-00C04F79EFBC}") = "Tyuiu.GalyameevMR.Sprint2.Task6.V9", "Tyuiu.GalyameevMR.Sprint2.Task6.V9\Tyuiu.GalyameevMR.Sprint2.Task6.V9.csproj", "{56CEBA6D-DFE6-4D6D-9F5C-69BFDA81A2D4}"
EndProject
Project("{FAE04EC0-301F-11D3-BF4B-00C04F79EFBC}") = "Tyuiu.GalyameevMR.Sprint2.Task6.V9.Lib", "Tyuiu.GalyameevMR.Sprint2.Task6.V9.Lib\Tyuiu.GalyameevMR.Sprint2.Task6.V9.Lib.csproj", "{C3FE1E64-725C-42C7-B519-9E62BD97A566}"
EndProject
Project("{2150E333-8FDC-42A3-9474-1A3956D46DE8}") = "Task7", "Task7", "{C17F1BBC-8510-495C-9D49-4799C946DAC1}"
EndProject
Project("{FAE04EC0-301F-11D3-BF4B-00C04F79EFBC}") = "Tyuiu.GalyameevMR.Sprint2.Task7.V14", "Tyuiu.GalyameevMR.Sprint2.Task7.V14\Tyuiu.GalyameevMR.Sprint2.Task7.V14.csproj", "{D6B1E7D4-DC23-4FC2-80BC-E3E8CD8B0DA6}"
EndProject
Project("{FAE04EC0-301F-11D3-BF4B-00C04F79EFBC}") = "Tyuiu.GalyameevMR.Sprint2.Task7.V14.Lib", "Tyuiu.GalyameevMR.Sprint2.Task7.V14.Lib\Tyuiu.GalyameevMR.Sprint2.Task7.V14.Lib.csproj", "{2A310B89-F767-47A6-AD7D-29E0C34EB264}"
EndProject
Project("{FAE04EC0-301F-11D3-BF4B-00C04F79EFBC}") = "Tyuiu.GalyameevMR.Sprint2.Task7.V14.Test", "Tyuiu.GalyameevMR.Sprint2.Task7.V14.Test\Tyuiu.GalyameevMR.Sprint2.Task7.V14.Test.csproj", "{BC4F08F4-97BA-47C8-854B-39E028DFFEE8}"
EndProject
Global
	GlobalSection(SolutionConfigurationPlatforms) = preSolution
		Debug|Any CPU = Debug|Any CPU
		Release|Any CPU = Release|Any CPU
	EndGlobalSection
	GlobalSection(ProjectConfigurationPlatforms) = postSolution
		{154365FD-EADC-4D2B-B575-BEB9DDCB5FD7}.Debug|Any CPU.ActiveCfg = Debug|Any CPU
		{154365FD-EADC-4D2B-B575-BEB9DDCB5FD7}.Debug|Any CPU.Build.0 = Debug|Any CPU
		{154365FD-EADC-4D2B-B575-BEB9DDCB5FD7}.Release|Any CPU.ActiveCfg = Release|Any CPU
		{154365FD-EADC-4D2B-B575-BEB9DDCB5FD7}.Release|Any CPU.Build.0 = Release|Any CPU
		{35827EA0-5B28-4AF3-A92F-083A8A6D0043}.Debug|Any CPU.ActiveCfg = Debug|Any CPU
		{35827EA0-5B28-4AF3-A92F-083A8A6D0043}.Debug|Any CPU.Build.0 = Debug|Any CPU
		{35827EA0-5B28-4AF3-A92F-083A8A6D0043}.Release|Any CPU.ActiveCfg = Release|Any CPU
		{35827EA0-5B28-4AF3-A92F-083A8A6D0043}.Release|Any CPU.Build.0 = Release|Any CPU
		{E7CF65E3-DCB3-44B8-9D7D-771EB1C45616}.Debug|Any CPU.ActiveCfg = Debug|Any CPU
		{E7CF65E3-DCB3-44B8-9D7D-771EB1C45616}.Debug|Any CPU.Build.0 = Debug|Any CPU
		{E7CF65E3-DCB3-44B8-9D7D-771EB1C45616}.Release|Any CPU.ActiveCfg = Release|Any CPU
		{E7CF65E3-DCB3-44B8-9D7D-771EB1C45616}.Release|Any CPU.Build.0 = Release|Any CPU
		{B9F54FDB-F40A-4F9C-8609-CDEB6A8F41E0}.Debug|Any CPU.ActiveCfg = Debug|Any CPU
		{B9F54FDB-F40A-4F9C-8609-CDEB6A8F41E0}.Debug|Any CPU.Build.0 = Debug|Any CPU
		{B9F54FDB-F40A-4F9C-8609-CDEB6A8F41E0}.Release|Any CPU.ActiveCfg = Release|Any CPU
		{B9F54FDB-F40A-4F9C-8609-CDEB6A8F41E0}.Release|Any CPU.Build.0 = Release|Any CPU
		{4A752B17-3901-47F7-8238-C51D3C16CE4A}.Debug|Any CPU.ActiveCfg = Debug|Any CPU
		{4A752B17-3901-47F7-8238-C51D3C16CE4A}.Debug|Any CPU.Build.0 = Debug|Any CPU
		{4A752B17-3901-47F7-8238-C51D3C16CE4A}.Release|Any CPU.ActiveCfg = Release|Any CPU
		{4A752B17-3901-47F7-8238-C51D3C16CE4A}.Release|Any CPU.Build.0 = Release|Any CPU
		{84CD90DD-49E0-420F-8BF5-7489090B7894}.Debug|Any CPU.ActiveCfg = Debug|Any CPU
		{84CD90DD-49E0-420F-8BF5-7489090B7894}.Debug|Any CPU.Build.0 = Debug|Any CPU
		{84CD90DD-49E0-420F-8BF5-7489090B7894}.Release|Any CPU.ActiveCfg = Release|Any CPU
		{84CD90DD-49E0-420F-8BF5-7489090B7894}.Release|Any CPU.Build.0 = Release|Any CPU
		{066390CC-49B5-4D9F-85E2-7B03CBA307C5}.Debug|Any CPU.ActiveCfg = Debug|Any CPU
		{066390CC-49B5-4D9F-85E2-7B03CBA307C5}.Debug|Any CPU.Build.0 = Debug|Any CPU
		{066390CC-49B5-4D9F-85E2-7B03CBA307C5}.Release|Any CPU.ActiveCfg = Release|Any CPU
		{066390CC-49B5-4D9F-85E2-7B03CBA307C5}.Release|Any CPU.Build.0 = Release|Any CPU
		{61D70ACD-64B6-460B-BE8D-D881C2FFEA01}.Debug|Any CPU.ActiveCfg = Debug|Any CPU
		{61D70ACD-64B6-460B-BE8D-D881C2FFEA01}.Debug|Any CPU.Build.0 = Debug|Any CPU
		{61D70ACD-64B6-460B-BE8D-D881C2FFEA01}.Release|Any CPU.ActiveCfg = Release|Any CPU
		{61D70ACD-64B6-460B-BE8D-D881C2FFEA01}.Release|Any CPU.Build.0 = Release|Any CPU
		{66457C95-024B-43FD-A93A-E807068FCB84}.Debug|Any CPU.ActiveCfg = Debug|Any CPU
		{66457C95-024B-43FD-A93A-E807068FCB84}.Debug|Any CPU.Build.0 = Debug|Any CPU
		{66457C95-024B-43FD-A93A-E807068FCB84}.Release|Any CPU.ActiveCfg = Release|Any CPU
		{66457C95-024B-43FD-A93A-E807068FCB84}.Release|Any CPU.Build.0 = Release|Any CPU
		{1905269B-87F6-4BF5-ACC9-6B6598AB4ABE}.Debug|Any CPU.ActiveCfg = Debug|Any CPU
		{1905269B-87F6-4BF5-ACC9-6B6598AB4ABE}.Debug|Any CPU.Build.0 = Debug|Any CPU
		{1905269B-87F6-4BF5-ACC9-6B6598AB4ABE}.Release|Any CPU.ActiveCfg = Release|Any CPU
		{1905269B-87F6-4BF5-ACC9-6B6598AB4ABE}.Release|Any CPU.Build.0 = Release|Any CPU
		{449D5C97-0776-41E9-B64D-3D6AF9047975}.Debug|Any CPU.ActiveCfg = Debug|Any CPU
		{449D5C97-0776-41E9-B64D-3D6AF9047975}.Debug|Any CPU.Build.0 = Debug|Any CPU
		{449D5C97-0776-41E9-B64D-3D6AF9047975}.Release|Any CPU.ActiveCfg = Release|Any CPU
		{449D5C97-0776-41E9-B64D-3D6AF9047975}.Release|Any CPU.Build.0 = Release|Any CPU
		{B93B2FA1-B9C7-462D-9A93-743B745C58CD}.Debug|Any CPU.ActiveCfg = Debug|Any CPU
		{B93B2FA1-B9C7-462D-9A93-743B745C58CD}.Debug|Any CPU.Build.0 = Debug|Any CPU
		{B93B2FA1-B9C7-462D-9A93-743B745C58CD}.Release|Any CPU.ActiveCfg = Release|Any CPU
		{B93B2FA1-B9C7-462D-9A93-743B745C58CD}.Release|Any CPU.Build.0 = Release|Any CPU
		{A458676F-3B4D-4CED-976C-EAF4B891FC64}.Debug|Any CPU.ActiveCfg = Debug|Any CPU
		{A458676F-3B4D-4CED-976C-EAF4B891FC64}.Debug|Any CPU.Build.0 = Debug|Any CPU
		{A458676F-3B4D-4CED-976C-EAF4B891FC64}.Release|Any CPU.ActiveCfg = Release|Any CPU
		{A458676F-3B4D-4CED-976C-EAF4B891FC64}.Release|Any CPU.Build.0 = Release|Any CPU
		{7FE79368-92E0-4658-825B-6A99E8AF9D1E}.Debug|Any CPU.ActiveCfg = Debug|Any CPU
		{7FE79368-92E0-4658-825B-6A99E8AF9D1E}.Debug|Any CPU.Build.0 = Debug|Any CPU
		{7FE79368-92E0-4658-825B-6A99E8AF9D1E}.Release|Any CPU.ActiveCfg = Release|Any CPU
		{7FE79368-92E0-4658-825B-6A99E8AF9D1E}.Release|Any CPU.Build.0 = Release|Any CPU
		{31AC0DB8-EE28-480D-AEA7-4A69E50A086F}.Debug|Any CPU.ActiveCfg = Debug|Any CPU
		{31AC0DB8-EE28-480D-AEA7-4A69E50A086F}.Debug|Any CPU.Build.0 = Debug|Any CPU
		{31AC0DB8-EE28-480D-AEA7-4A69E50A086F}.Release|Any CPU.ActiveCfg = Release|Any CPU
		{31AC0DB8-EE28-480D-AEA7-4A69E50A086F}.Release|Any CPU.Build.0 = Release|Any CPU
		{66CDF84D-3330-4125-A89B-314233B58C3E}.Debug|Any CPU.ActiveCfg = Debug|Any CPU
		{66CDF84D-3330-4125-A89B-314233B58C3E}.Debug|Any CPU.Build.0 = Debug|Any CPU
		{66CDF84D-3330-4125-A89B-314233B58C3E}.Release|Any CPU.ActiveCfg = Release|Any CPU
		{66CDF84D-3330-4125-A89B-314233B58C3E}.Release|Any CPU.Build.0 = Release|Any CPU
		{287916F7-4EB3-4C8A-AD11-FA0BEF72B5C9}.Debug|Any CPU.ActiveCfg = Debug|Any CPU
		{287916F7-4EB3-4C8A-AD11-FA0BEF72B5C9}.Debug|Any CPU.Build.0 = Debug|Any CPU
		{287916F7-4EB3-4C8A-AD11-FA0BEF72B5C9}.Release|Any CPU.ActiveCfg = Release|Any CPU
		{287916F7-4EB3-4C8A-AD11-FA0BEF72B5C9}.Release|Any CPU.Build.0 = Release|Any CPU
		{698C82B0-2087-48C9-B0DA-4ED0737065BD}.Debug|Any CPU.ActiveCfg = Debug|Any CPU
		{698C82B0-2087-48C9-B0DA-4ED0737065BD}.Debug|Any CPU.Build.0 = Debug|Any CPU
		{698C82B0-2087-48C9-B0DA-4ED0737065BD}.Release|Any CPU.ActiveCfg = Release|Any CPU
		{698C82B0-2087-48C9-B0DA-4ED0737065BD}.Release|Any CPU.Build.0 = Release|Any CPU
		{045F5624-8DBB-48EB-B5E0-68FE0E16825D}.Debug|Any CPU.ActiveCfg = Debug|Any CPU
		{045F5624-8DBB-48EB-B5E0-68FE0E16825D}.Debug|Any CPU.Build.0 = Debug|Any CPU
		{045F5624-8DBB-48EB-B5E0-68FE0E16825D}.Release|Any CPU.ActiveCfg = Release|Any CPU
		{045F5624-8DBB-48EB-B5E0-68FE0E16825D}.Release|Any CPU.Build.0 = Release|Any CPU
		{56CEBA6D-DFE6-4D6D-9F5C-69BFDA81A2D4}.Debug|Any CPU.ActiveCfg = Debug|Any CPU
		{56CEBA6D-DFE6-4D6D-9F5C-69BFDA81A2D4}.Debug|Any CPU.Build.0 = Debug|Any CPU
		{56CEBA6D-DFE6-4D6D-9F5C-69BFDA81A2D4}.Release|Any CPU.ActiveCfg = Release|Any CPU
		{56CEBA6D-DFE6-4D6D-9F5C-69BFDA81A2D4}.Release|Any CPU.Build.0 = Release|Any CPU
		{C3FE1E64-725C-42C7-B519-9E62BD97A566}.Debug|Any CPU.ActiveCfg = Debug|Any CPU
		{C3FE1E64-725C-42C7-B519-9E62BD97A566}.Debug|Any CPU.Build.0 = Debug|Any CPU
		{C3FE1E64-725C-42C7-B519-9E62BD97A566}.Release|Any CPU.ActiveCfg = Release|Any CPU
		{C3FE1E64-725C-42C7-B519-9E62BD97A566}.Release|Any CPU.Build.0 = Release|Any CPU
		{D6B1E7D4-DC23-4FC2-80BC-E3E8CD8B0DA6}.Debug|Any CPU.ActiveCfg = Debug|Any CPU
		{D6B1E7D4-DC23-4FC2-80BC-E3E8CD8B0DA6}.Debug|Any CPU.Build.0 = Debug|Any CPU
		{D6B1E7D4-DC23-4FC2-80BC-E3E8CD8B0DA6}.Release|Any CPU.ActiveCfg = Release|Any CPU
		{D6B1E7D4-DC23-4FC2-80BC-E3E8CD8B0DA6}.Release|Any CPU.Build.0 = Release|Any CPU
		{2A310B89-F767-47A6-AD7D-29E0C34EB264}.Debug|Any CPU.ActiveCfg = Debug|Any CPU
		{2A310B89-F767-47A6-AD7D-29E0C34EB264}.Debug|Any CPU.Build.0 = Debug|Any CPU
		{2A310B89-F767-47A6-AD7D-29E0C34EB264}.Release|Any CPU.ActiveCfg = Release|Any CPU
		{2A310B89-F767-47A6-AD7D-29E0C34EB264}.Release|Any CPU.Build.0 = Release|Any CPU
		{BC4F08F4-97BA-47C8-854B-39E028DFFEE8}.Debug|Any CPU.ActiveCfg = Debug|Any CPU
		{BC4F08F4-97BA-47C8-854B-39E028DFFEE8}.Debug|Any CPU.Build.0 = Debug|Any CPU
		{BC4F08F4-97BA-47C8-854B-39E028DFFEE8}.Release|Any CPU.ActiveCfg = Release|Any CPU
		{BC4F08F4-97BA-47C8-854B-39E028DFFEE8}.Release|Any CPU.Build.0 = Release|Any CPU
	EndGlobalSection
	GlobalSection(SolutionProperties) = preSolution
		HideSolutionNode = FALSE
	EndGlobalSection
	GlobalSection(NestedProjects) = preSolution
		{154365FD-EADC-4D2B-B575-BEB9DDCB5FD7} = {2D3723D9-CCC9-4667-A72A-5A54B42044D2}
		{35827EA0-5B28-4AF3-A92F-083A8A6D0043} = {2D3723D9-CCC9-4667-A72A-5A54B42044D2}
		{E7CF65E3-DCB3-44B8-9D7D-771EB1C45616} = {2D3723D9-CCC9-4667-A72A-5A54B42044D2}
		{B9F54FDB-F40A-4F9C-8609-CDEB6A8F41E0} = {E82F24D3-62A5-47F4-B8A7-A88E45DC365D}
		{4A752B17-3901-47F7-8238-C51D3C16CE4A} = {E82F24D3-62A5-47F4-B8A7-A88E45DC365D}
		{84CD90DD-49E0-420F-8BF5-7489090B7894} = {E82F24D3-62A5-47F4-B8A7-A88E45DC365D}
		{066390CC-49B5-4D9F-85E2-7B03CBA307C5} = {74EA55D4-1F9E-4EC5-8430-7321D1950645}
		{61D70ACD-64B6-460B-BE8D-D881C2FFEA01} = {74EA55D4-1F9E-4EC5-8430-7321D1950645}
		{66457C95-024B-43FD-A93A-E807068FCB84} = {74EA55D4-1F9E-4EC5-8430-7321D1950645}
		{1905269B-87F6-4BF5-ACC9-6B6598AB4ABE} = {3737CDC2-88F2-43FE-9E9A-CDF0AD16D05E}
		{449D5C97-0776-41E9-B64D-3D6AF9047975} = {3737CDC2-88F2-43FE-9E9A-CDF0AD16D05E}
		{B93B2FA1-B9C7-462D-9A93-743B745C58CD} = {3737CDC2-88F2-43FE-9E9A-CDF0AD16D05E}
		{A458676F-3B4D-4CED-976C-EAF4B891FC64} = {43392FC1-4617-477E-8216-3BE3AEAA1A2C}
		{7FE79368-92E0-4658-825B-6A99E8AF9D1E} = {43392FC1-4617-477E-8216-3BE3AEAA1A2C}
		{31AC0DB8-EE28-480D-AEA7-4A69E50A086F} = {43392FC1-4617-477E-8216-3BE3AEAA1A2C}
		{66CDF84D-3330-4125-A89B-314233B58C3E} = {7D3CF071-BF9B-4B08-A11E-1042EEA3C0DC}
		{287916F7-4EB3-4C8A-AD11-FA0BEF72B5C9} = {7D3CF071-BF9B-4B08-A11E-1042EEA3C0DC}
		{698C82B0-2087-48C9-B0DA-4ED0737065BD} = {7D3CF071-BF9B-4B08-A11E-1042EEA3C0DC}
		{045F5624-8DBB-48EB-B5E0-68FE0E16825D} = {98CBE0C4-EAA9-4427-BAAE-CC0F7AE4362D}
		{56CEBA6D-DFE6-4D6D-9F5C-69BFDA81A2D4} = {98CBE0C4-EAA9-4427-BAAE-CC0F7AE4362D}
		{C3FE1E64-725C-42C7-B519-9E62BD97A566} = {98CBE0C4-EAA9-4427-BAAE-CC0F7AE4362D}
		{D6B1E7D4-DC23-4FC2-80BC-E3E8CD8B0DA6} = {C17F1BBC-8510-495C-9D49-4799C946DAC1}
		{2A310B89-F767-47A6-AD7D-29E0C34EB264} = {C17F1BBC-8510-495C-9D49-4799C946DAC1}
		{BC4F08F4-97BA-47C8-854B-39E028DFFEE8} = {C17F1BBC-8510-495C-9D49-4799C946DAC1}
	EndGlobalSection
	GlobalSection(ExtensibilityGlobals) = postSolution
		SolutionGuid = {0E3A64E0-FD80-4888-9D3D-89E2A26EDF3D}
	EndGlobalSection
EndGlobal
